
Microsoft Visual Studio Solution File, Format Version 12.00
# Visual Studio Version 17
VisualStudioVersion = 17.0.31903.59
MinimumVisualStudioVersion = 10.0.40219.1
Project("{2150E333-8FDC-42A3-9474-1A3956D46DE8}") = "BackendAPI", "BackendAPI", "{BB1A4DDA-9B66-82B4-A194-4827440FE49A}"
EndProject
Project("{FAE04EC0-301F-11D3-BF4B-00C04F79EFBC}") = "BackendAPI", "BackendAPI\BackendAPI\BackendAPI.csproj", "{E2BE2CD1-7C3A-4CC5-89CD-9F688300B983}"
EndProject
Project("{2150E333-8FDC-42A3-9474-1A3956D46DE8}") = "FrontendBlazor", "FrontendBlazor", "{788384A3-D49F-7FBD-BA14-A86DE12BEDB3}"
EndProject
Project("{FAE04EC0-301F-11D3-BF4B-00C04F79EFBC}") = "FrontendBlazor", "FrontendBlazor\FrontendBlazor\FrontendBlazor.csproj", "{79CA160C-EAF0-4C9B-9BC0-3EB987C2EE17}"
EndProject
Project("{2150E333-8FDC-42A3-9474-1A3956D46DE8}") = "Shared", "Shared", "{4F52FD11-658E-A102-6CD3-7D7C16FFA15B}"
EndProject
Project("{FAE04EC0-301F-11D3-BF4B-00C04F79EFBC}") = "Shared", "Shared\Shared\Shared.csproj", "{55D1674B-E3BE-4699-9CFE-55A697F9F432}"
EndProject
Global
	GlobalSection(SolutionConfigurationPlatforms) = preSolution
		Debug|Any CPU = Debug|Any CPU
		Debug|x64 = Debug|x64
		Debug|x86 = Debug|x86
		Release|Any CPU = Release|Any CPU
		Release|x64 = Release|x64
		Release|x86 = Release|x86
	EndGlobalSection
	GlobalSection(ProjectConfigurationPlatforms) = postSolution
		{E2BE2CD1-7C3A-4CC5-89CD-9F688300B983}.Debug|Any CPU.ActiveCfg = Debug|Any CPU
		{E2BE2CD1-7C3A-4CC5-89CD-9F688300B983}.Debug|Any CPU.Build.0 = Debug|Any CPU
		{E2BE2CD1-7C3A-4CC5-89CD-9F688300B983}.Debug|x64.ActiveCfg = Debug|Any CPU
		{E2BE2CD1-7C3A-4CC5-89CD-9F688300B983}.Debug|x64.Build.0 = Debug|Any CPU
		{E2BE2CD1-7C3A-4CC5-89CD-9F688300B983}.Debug|x86.ActiveCfg = Debug|Any CPU
		{E2BE2CD1-7C3A-4CC5-89CD-9F688300B983}.Debug|x86.Build.0 = Debug|Any CPU
		{E2BE2CD1-7C3A-4CC5-89CD-9F688300B983}.Release|Any CPU.ActiveCfg = Release|Any CPU
		{E2BE2CD1-7C3A-4CC5-89CD-9F688300B983}.Release|Any CPU.Build.0 = Release|Any CPU
		{E2BE2CD1-7C3A-4CC5-89CD-9F688300B983}.Release|x64.ActiveCfg = Release|Any CPU
		{E2BE2CD1-7C3A-4CC5-89CD-9F688300B983}.Release|x64.Build.0 = Release|Any CPU
		{E2BE2CD1-7C3A-4CC5-89CD-9F688300B983}.Release|x86.ActiveCfg = Release|Any CPU
		{E2BE2CD1-7C3A-4CC5-89CD-9F688300B983}.Release|x86.Build.0 = Release|Any CPU
		{79CA160C-EAF0-4C9B-9BC0-3EB987C2EE17}.Debug|Any CPU.ActiveCfg = Debug|Any CPU
		{79CA160C-EAF0-4C9B-9BC0-3EB987C2EE17}.Debug|Any CPU.Build.0 = Debug|Any CPU
		{79CA160C-EAF0-4C9B-9BC0-3EB987C2EE17}.Debug|x64.ActiveCfg = Debug|Any CPU
		{79CA160C-EAF0-4C9B-9BC0-3EB987C2EE17}.Debug|x64.Build.0 = Debug|Any CPU
		{79CA160C-EAF0-4C9B-9BC0-3EB987C2EE17}.Debug|x86.ActiveCfg = Debug|Any CPU
		{79CA160C-EAF0-4C9B-9BC0-3EB987C2EE17}.Debug|x86.Build.0 = Debug|Any CPU
		{79CA160C-EAF0-4C9B-9BC0-3EB987C2EE17}.Release|Any CPU.ActiveCfg = Release|Any CPU
		{79CA160C-EAF0-4C9B-9BC0-3EB987C2EE17}.Release|Any CPU.Build.0 = Release|Any CPU
		{79CA160C-EAF0-4C9B-9BC0-3EB987C2EE17}.Release|x64.ActiveCfg = Release|Any CPU
		{79CA160C-EAF0-4C9B-9BC0-3EB987C2EE17}.Release|x64.Build.0 = Release|Any CPU
		{79CA160C-EAF0-4C9B-9BC0-3EB987C2EE17}.Release|x86.ActiveCfg = Release|Any CPU
		{79CA160C-EAF0-4C9B-9BC0-3EB987C2EE17}.Release|x86.Build.0 = Release|Any CPU
		{55D1674B-E3BE-4699-9CFE-55A697F9F432}.Debug|Any CPU.ActiveCfg = Debug|Any CPU
		{55D1674B-E3BE-4699-9CFE-55A697F9F432}.Debug|Any CPU.Build.0 = Debug|Any CPU
		{55D1674B-E3BE-4699-9CFE-55A697F9F432}.Debug|x64.ActiveCfg = Debug|Any CPU
		{55D1674B-E3BE-4699-9CFE-55A697F9F432}.Debug|x64.Build.0 = Debug|Any CPU
		{55D1674B-E3BE-4699-9CFE-55A697F9F432}.Debug|x86.ActiveCfg = Debug|Any CPU
		{55D1674B-E3BE-4699-9CFE-55A697F9F432}.Debug|x86.Build.0 = Debug|Any CPU
		{55D1674B-E3BE-4699-9CFE-55A697F9F432}.Release|Any CPU.ActiveCfg = Release|Any CPU
		{55D1674B-E3BE-4699-9CFE-55A697F9F432}.Release|Any CPU.Build.0 = Release|Any CPU
		{55D1674B-E3BE-4699-9CFE-55A697F9F432}.Release|x64.ActiveCfg = Release|Any CPU
		{55D1674B-E3BE-4699-9CFE-55A697F9F432}.Release|x64.Build.0 = Release|Any CPU
		{55D1674B-E3BE-4699-9CFE-55A697F9F432}.Release|x86.ActiveCfg = Release|Any CPU
		{55D1674B-E3BE-4699-9CFE-55A697F9F432}.Release|x86.Build.0 = Release|Any CPU
	EndGlobalSection
	GlobalSection(SolutionProperties) = preSolution
		HideSolutionNode = FALSE
	EndGlobalSection
	GlobalSection(NestedProjects) = preSolution
		{E2BE2CD1-7C3A-4CC5-89CD-9F688300B983} = {BB1A4DDA-9B66-82B4-A194-4827440FE49A}
		{79CA160C-EAF0-4C9B-9BC0-3EB987C2EE17} = {788384A3-D49F-7FBD-BA14-A86DE12BEDB3}
		{55D1674B-E3BE-4699-9CFE-55A697F9F432} = {4F52FD11-658E-A102-6CD3-7D7C16FFA15B}
	EndGlobalSection
EndGlobal
