
Microsoft Visual Studio Solution File, Format Version 12.00
Project("{FAE04EC0-301F-11D3-BF4B-00C04F79EFBC}") = "Shared", "Shared\Shared.csproj", "{A374D7A1-958A-4855-A7D0-FDE3BA067DBC}"
EndProject
Global
	GlobalSection(SolutionConfigurationPlatforms) = preSolution
		Debug|Any CPU = Debug|Any CPU
		Release|Any CPU = Release|Any CPU
	EndGlobalSection
	GlobalSection(ProjectConfigurationPlatforms) = postSolution
		{A374D7A1-958A-4855-A7D0-FDE3BA067DBC}.Debug|Any CPU.ActiveCfg = Debug|Any CPU
		{A374D7A1-958A-4855-A7D0-FDE3BA067DBC}.Debug|Any CPU.Build.0 = Debug|Any CPU
		{A374D7A1-958A-4855-A7D0-FDE3BA067DBC}.Release|Any CPU.ActiveCfg = Release|Any CPU
		{A374D7A1-958A-4855-A7D0-FDE3BA067DBC}.Release|Any CPU.Build.0 = Release|Any CPU
	EndGlobalSection
EndGlobal
